// !$*UTF8*$!
{
	archiveVersion = 1;
	classes = {
	};
	objectVersion = 51;
	objects = {

/* Begin PBXBuildFile section */
		6BAE957DE44805C80118502E /* Pods_QR_Code_Scanner.framework in Frameworks */ = {isa = PBXBuildFile; fileRef = EA0C01369375ED0DFB4E0022 /* Pods_QR_Code_Scanner.framework */; };
		C72D5E9922E2C888005109E3 /* HistoryViewController.swift in Sources */ = {isa = PBXBuildFile; fileRef = C72D5E9822E2C888005109E3 /* HistoryViewController.swift */; };
		C7A6CCED22E0145600B9A9DD /* AppDelegate.swift in Sources */ = {isa = PBXBuildFile; fileRef = C7A6CCEC22E0145600B9A9DD /* AppDelegate.swift */; };
		C7A6CCEF22E0145600B9A9DD /* ViewController.swift in Sources */ = {isa = PBXBuildFile; fileRef = C7A6CCEE22E0145600B9A9DD /* ViewController.swift */; };
		C7A6CCF222E0145600B9A9DD /* Main.storyboard in Resources */ = {isa = PBXBuildFile; fileRef = C7A6CCF022E0145600B9A9DD /* Main.storyboard */; };
		C7A6CCF522E0145600B9A9DD /* QR_Code_Scanner.xcdatamodeld in Sources */ = {isa = PBXBuildFile; fileRef = C7A6CCF322E0145600B9A9DD /* QR_Code_Scanner.xcdatamodeld */; };
		C7A6CCF722E0145700B9A9DD /* Assets.xcassets in Resources */ = {isa = PBXBuildFile; fileRef = C7A6CCF622E0145700B9A9DD /* Assets.xcassets */; };
		C7A6CCFA22E0145700B9A9DD /* LaunchScreen.storyboard in Resources */ = {isa = PBXBuildFile; fileRef = C7A6CCF822E0145700B9A9DD /* LaunchScreen.storyboard */; };
		C7AD111D22E170A800DB58FD /* ScanCodeViewController.swift in Sources */ = {isa = PBXBuildFile; fileRef = C7AD111C22E170A800DB58FD /* ScanCodeViewController.swift */; };
		C7AD111F22E170B600DB58FD /* GenerateCodeViewController.swift in Sources */ = {isa = PBXBuildFile; fileRef = C7AD111E22E170B600DB58FD /* GenerateCodeViewController.swift */; };
		C7AD112322E1C2F800DB58FD /* ContentViewController.swift in Sources */ = {isa = PBXBuildFile; fileRef = C7AD112222E1C2F800DB58FD /* ContentViewController.swift */; };
		C7ED072722F04A01008EF53C /* OptionTableViewCell.swift in Sources */ = {isa = PBXBuildFile; fileRef = C7ED072522F04A01008EF53C /* OptionTableViewCell.swift */; };
		C7ED072822F04A01008EF53C /* OptionTableViewCell.xib in Resources */ = {isa = PBXBuildFile; fileRef = C7ED072622F04A01008EF53C /* OptionTableViewCell.xib */; };
		C7F28D4C22EF453100FD17C5 /* ModalViewController.swift in Sources */ = {isa = PBXBuildFile; fileRef = C7F28D4A22EF453100FD17C5 /* ModalViewController.swift */; };
		C7F28D4D22EF453100FD17C5 /* ModalViewController.xib in Resources */ = {isa = PBXBuildFile; fileRef = C7F28D4B22EF453100FD17C5 /* ModalViewController.xib */; };
/* End PBXBuildFile section */

/* Begin PBXFileReference section */
		3572174D67B5CFD954F0B010 /* Pods-QR Code Scanner.release.xcconfig */ = {isa = PBXFileReference; includeInIndex = 1; lastKnownFileType = text.xcconfig; name = "Pods-QR Code Scanner.release.xcconfig"; path = "Target Support Files/Pods-QR Code Scanner/Pods-QR Code Scanner.release.xcconfig"; sourceTree = "<group>"; };
		4023F7BC303BF57C24EAE52D /* Pods-QR Code Scanner.debug.xcconfig */ = {isa = PBXFileReference; includeInIndex = 1; lastKnownFileType = text.xcconfig; name = "Pods-QR Code Scanner.debug.xcconfig"; path = "Target Support Files/Pods-QR Code Scanner/Pods-QR Code Scanner.debug.xcconfig"; sourceTree = "<group>"; };
		C72D5E9822E2C888005109E3 /* HistoryViewController.swift */ = {isa = PBXFileReference; lastKnownFileType = sourcecode.swift; path = HistoryViewController.swift; sourceTree = "<group>"; };
		C7A6CCE922E0145600B9A9DD /* QR Code Scanner.app */ = {isa = PBXFileReference; explicitFileType = wrapper.application; includeInIndex = 0; path = "QR Code Scanner.app"; sourceTree = BUILT_PRODUCTS_DIR; };
		C7A6CCEC22E0145600B9A9DD /* AppDelegate.swift */ = {isa = PBXFileReference; lastKnownFileType = sourcecode.swift; path = AppDelegate.swift; sourceTree = "<group>"; };
		C7A6CCEE22E0145600B9A9DD /* ViewController.swift */ = {isa = PBXFileReference; lastKnownFileType = sourcecode.swift; path = ViewController.swift; sourceTree = "<group>"; };
		C7A6CCF122E0145600B9A9DD /* Base */ = {isa = PBXFileReference; lastKnownFileType = file.storyboard; name = Base; path = Base.lproj/Main.storyboard; sourceTree = "<group>"; };
		C7A6CCF422E0145600B9A9DD /* QR_Code_Scanner.xcdatamodel */ = {isa = PBXFileReference; lastKnownFileType = wrapper.xcdatamodel; path = QR_Code_Scanner.xcdatamodel; sourceTree = "<group>"; };
		C7A6CCF622E0145700B9A9DD /* Assets.xcassets */ = {isa = PBXFileReference; lastKnownFileType = folder.assetcatalog; path = Assets.xcassets; sourceTree = "<group>"; };
		C7A6CCF922E0145700B9A9DD /* Base */ = {isa = PBXFileReference; lastKnownFileType = file.storyboard; name = Base; path = Base.lproj/LaunchScreen.storyboard; sourceTree = "<group>"; };
		C7A6CCFB22E0145700B9A9DD /* Info.plist */ = {isa = PBXFileReference; lastKnownFileType = text.plist.xml; path = Info.plist; sourceTree = "<group>"; };
		C7AD111C22E170A800DB58FD /* ScanCodeViewController.swift */ = {isa = PBXFileReference; lastKnownFileType = sourcecode.swift; path = ScanCodeViewController.swift; sourceTree = "<group>"; };
		C7AD111E22E170B600DB58FD /* GenerateCodeViewController.swift */ = {isa = PBXFileReference; lastKnownFileType = sourcecode.swift; path = GenerateCodeViewController.swift; sourceTree = "<group>"; };
		C7AD112222E1C2F800DB58FD /* ContentViewController.swift */ = {isa = PBXFileReference; lastKnownFileType = sourcecode.swift; path = ContentViewController.swift; sourceTree = "<group>"; };
		C7ED072522F04A01008EF53C /* OptionTableViewCell.swift */ = {isa = PBXFileReference; lastKnownFileType = sourcecode.swift; path = OptionTableViewCell.swift; sourceTree = "<group>"; };
		C7ED072622F04A01008EF53C /* OptionTableViewCell.xib */ = {isa = PBXFileReference; lastKnownFileType = file.xib; path = OptionTableViewCell.xib; sourceTree = "<group>"; };
		C7F28D4A22EF453100FD17C5 /* ModalViewController.swift */ = {isa = PBXFileReference; lastKnownFileType = sourcecode.swift; path = ModalViewController.swift; sourceTree = "<group>"; };
		C7F28D4B22EF453100FD17C5 /* ModalViewController.xib */ = {isa = PBXFileReference; lastKnownFileType = file.xib; path = ModalViewController.xib; sourceTree = "<group>"; };
		EA0C01369375ED0DFB4E0022 /* Pods_QR_Code_Scanner.framework */ = {isa = PBXFileReference; explicitFileType = wrapper.framework; includeInIndex = 0; path = Pods_QR_Code_Scanner.framework; sourceTree = BUILT_PRODUCTS_DIR; };
/* End PBXFileReference section */

/* Begin PBXFrameworksBuildPhase section */
		C7A6CCE622E0145600B9A9DD /* Frameworks */ = {
			isa = PBXFrameworksBuildPhase;
			buildActionMask = 2147483647;
			files = (
				6BAE957DE44805C80118502E /* Pods_QR_Code_Scanner.framework in Frameworks */,
			);
			runOnlyForDeploymentPostprocessing = 0;
		};
/* End PBXFrameworksBuildPhase section */

/* Begin PBXGroup section */
		1DD9E05013795E05FA4FDE89 /* Pods */ = {
			isa = PBXGroup;
			children = (
				4023F7BC303BF57C24EAE52D /* Pods-QR Code Scanner.debug.xcconfig */,
				3572174D67B5CFD954F0B010 /* Pods-QR Code Scanner.release.xcconfig */,
			);
			path = Pods;
			sourceTree = "<group>";
		};
		C3F93D6CE3440F4CF30A89E7 /* Frameworks */ = {
			isa = PBXGroup;
			children = (
				EA0C01369375ED0DFB4E0022 /* Pods_QR_Code_Scanner.framework */,
			);
			name = Frameworks;
			sourceTree = "<group>";
		};
		C72D5E9722E2C85F005109E3 /* HistoryView */ = {
			isa = PBXGroup;
			children = (
				C72D5E9822E2C888005109E3 /* HistoryViewController.swift */,
			);
			path = HistoryView;
			sourceTree = "<group>";
		};
		C7A6CCE022E0145600B9A9DD = {
			isa = PBXGroup;
			children = (
				C7A6CCEB22E0145600B9A9DD /* QR Code Scanner */,
				C7A6CCEA22E0145600B9A9DD /* Products */,
				1DD9E05013795E05FA4FDE89 /* Pods */,
				C3F93D6CE3440F4CF30A89E7 /* Frameworks */,
			);
			sourceTree = "<group>";
		};
		C7A6CCEA22E0145600B9A9DD /* Products */ = {
			isa = PBXGroup;
			children = (
				C7A6CCE922E0145600B9A9DD /* QR Code Scanner.app */,
			);
			name = Products;
			sourceTree = "<group>";
		};
		C7A6CCEB22E0145600B9A9DD /* QR Code Scanner */ = {
			isa = PBXGroup;
			children = (
				C7AD112022E170EE00DB58FD /* Resources */,
				C7AD111822E16BBC00DB58FD /* Scenes */,
				C7A6CCEC22E0145600B9A9DD /* AppDelegate.swift */,
				C7A6CCFB22E0145700B9A9DD /* Info.plist */,
				C7A6CCF322E0145600B9A9DD /* QR_Code_Scanner.xcdatamodeld */,
			);
			path = "QR Code Scanner";
			sourceTree = "<group>";
		};
		C7AD111822E16BBC00DB58FD /* Scenes */ = {
			isa = PBXGroup;
			children = (
				C72D5E9722E2C85F005109E3 /* HistoryView */,
				C7AD112122E1C2E600DB58FD /* ContentCodeView */,
				C7AD111B22E1709400DB58FD /* GenerateCodeView */,
				C7AD111A22E1708D00DB58FD /* ScanCodeView */,
				C7AD111922E16BC600DB58FD /* HomeView */,
			);
			path = Scenes;
			sourceTree = "<group>";
		};
		C7AD111922E16BC600DB58FD /* HomeView */ = {
			isa = PBXGroup;
			children = (
				C7A6CCEE22E0145600B9A9DD /* ViewController.swift */,
			);
			path = HomeView;
			sourceTree = "<group>";
		};
		C7AD111A22E1708D00DB58FD /* ScanCodeView */ = {
			isa = PBXGroup;
			children = (
				C7F28D4522EF448700FD17C5 /* Modal */,
				C7AD111C22E170A800DB58FD /* ScanCodeViewController.swift */,
			);
			path = ScanCodeView;
			sourceTree = "<group>";
		};
		C7AD111B22E1709400DB58FD /* GenerateCodeView */ = {
			isa = PBXGroup;
			children = (
				C7AD111E22E170B600DB58FD /* GenerateCodeViewController.swift */,
			);
			path = GenerateCodeView;
			sourceTree = "<group>";
		};
		C7AD112022E170EE00DB58FD /* Resources */ = {
			isa = PBXGroup;
			children = (
				C7A6CCF622E0145700B9A9DD /* Assets.xcassets */,
				C7A6CCF822E0145700B9A9DD /* LaunchScreen.storyboard */,
				C7A6CCF022E0145600B9A9DD /* Main.storyboard */,
			);
			path = Resources;
			sourceTree = "<group>";
		};
		C7AD112122E1C2E600DB58FD /* ContentCodeView */ = {
			isa = PBXGroup;
			children = (
				C7AD112222E1C2F800DB58FD /* ContentViewController.swift */,
			);
			path = ContentCodeView;
			sourceTree = "<group>";
		};
		C7F28D4522EF448700FD17C5 /* Modal */ = {
			isa = PBXGroup;
			children = (
				C7F28D4A22EF453100FD17C5 /* ModalViewController.swift */,
				C7F28D4B22EF453100FD17C5 /* ModalViewController.xib */,
				C7ED072522F04A01008EF53C /* OptionTableViewCell.swift */,
				C7ED072622F04A01008EF53C /* OptionTableViewCell.xib */,
			);
			path = Modal;
			sourceTree = "<group>";
		};
/* End PBXGroup section */

/* Begin PBXNativeTarget section */
		C7A6CCE822E0145600B9A9DD /* QR Code Scanner */ = {
			isa = PBXNativeTarget;
			buildConfigurationList = C7A6CCFE22E0145700B9A9DD /* Build configuration list for PBXNativeTarget "QR Code Scanner" */;
			buildPhases = (
				BBDA334A38220EA140EE36D7 /* [CP] Check Pods Manifest.lock */,
				C7A6CCE522E0145600B9A9DD /* Sources */,
				C7A6CCE622E0145600B9A9DD /* Frameworks */,
				C7A6CCE722E0145600B9A9DD /* Resources */,
				E8A12CB4AA4F70A9E054FC30 /* [CP] Embed Pods Frameworks */,
			);
			buildRules = (
			);
			dependencies = (
			);
			name = "QR Code Scanner";
			productName = "QR Code Scanner";
			productReference = C7A6CCE922E0145600B9A9DD /* QR Code Scanner.app */;
			productType = "com.apple.product-type.application";
		};
/* End PBXNativeTarget section */

/* Begin PBXProject section */
		C7A6CCE122E0145600B9A9DD /* Project object */ = {
			isa = PBXProject;
			attributes = {
				LastSwiftUpdateCheck = 1020;
				LastUpgradeCheck = 1020;
				ORGANIZATIONNAME = "Tai Pham";
				TargetAttributes = {
					C7A6CCE822E0145600B9A9DD = {
						CreatedOnToolsVersion = 10.2.1;
					};
				};
			};
			buildConfigurationList = C7A6CCE422E0145600B9A9DD /* Build configuration list for PBXProject "QR Code Scanner" */;
			compatibilityVersion = "Xcode 9.3";
			developmentRegion = en;
			hasScannedForEncodings = 0;
			knownRegions = (
				en,
				Base,
			);
			mainGroup = C7A6CCE022E0145600B9A9DD;
			productRefGroup = C7A6CCEA22E0145600B9A9DD /* Products */;
			projectDirPath = "";
			projectRoot = "";
			targets = (
				C7A6CCE822E0145600B9A9DD /* QR Code Scanner */,
			);
		};
/* End PBXProject section */

/* Begin PBXResourcesBuildPhase section */
		C7A6CCE722E0145600B9A9DD /* Resources */ = {
			isa = PBXResourcesBuildPhase;
			buildActionMask = 2147483647;
			files = (
				C7F28D4D22EF453100FD17C5 /* ModalViewController.xib in Resources */,
				C7A6CCFA22E0145700B9A9DD /* LaunchScreen.storyboard in Resources */,
				C7A6CCF722E0145700B9A9DD /* Assets.xcassets in Resources */,
				C7ED072822F04A01008EF53C /* OptionTableViewCell.xib in Resources */,
				C7A6CCF222E0145600B9A9DD /* Main.storyboard in Resources */,
			);
			runOnlyForDeploymentPostprocessing = 0;
		};
/* End PBXResourcesBuildPhase section */

/* Begin PBXShellScriptBuildPhase section */
		BBDA334A38220EA140EE36D7 /* [CP] Check Pods Manifest.lock */ = {
			isa = PBXShellScriptBuildPhase;
			buildActionMask = 2147483647;
			files = (
			);
			inputFileListPaths = (
			);
			inputPaths = (
				"${PODS_PODFILE_DIR_PATH}/Podfile.lock",
				"${PODS_ROOT}/Manifest.lock",
			);
			name = "[CP] Check Pods Manifest.lock";
			outputFileListPaths = (
			);
			outputPaths = (
				"$(DERIVED_FILE_DIR)/Pods-QR Code Scanner-checkManifestLockResult.txt",
			);
			runOnlyForDeploymentPostprocessing = 0;
			shellPath = /bin/sh;
			shellScript = "diff \"${PODS_PODFILE_DIR_PATH}/Podfile.lock\" \"${PODS_ROOT}/Manifest.lock\" > /dev/null\nif [ $? != 0 ] ; then\n    # print error to STDERR\n    echo \"error: The sandbox is not in sync with the Podfile.lock. Run 'pod install' or update your CocoaPods installation.\" >&2\n    exit 1\nfi\n# This output is used by Xcode 'outputs' to avoid re-running this script phase.\necho \"SUCCESS\" > \"${SCRIPT_OUTPUT_FILE_0}\"\n";
			showEnvVarsInLog = 0;
		};
		E8A12CB4AA4F70A9E054FC30 /* [CP] Embed Pods Frameworks */ = {
			isa = PBXShellScriptBuildPhase;
			buildActionMask = 2147483647;
			files = (
			);
			inputFileListPaths = (
				"${PODS_ROOT}/Target Support Files/Pods-QR Code Scanner/Pods-QR Code Scanner-frameworks-${CONFIGURATION}-input-files.xcfilelist",
			);
			name = "[CP] Embed Pods Frameworks";
			outputFileListPaths = (
				"${PODS_ROOT}/Target Support Files/Pods-QR Code Scanner/Pods-QR Code Scanner-frameworks-${CONFIGURATION}-output-files.xcfilelist",
			);
			runOnlyForDeploymentPostprocessing = 0;
			shellPath = /bin/sh;
			shellScript = "\"${PODS_ROOT}/Target Support Files/Pods-QR Code Scanner/Pods-QR Code Scanner-frameworks.sh\"\n";
			showEnvVarsInLog = 0;
		};
/* End PBXShellScriptBuildPhase section */

/* Begin PBXSourcesBuildPhase section */
		C7A6CCE522E0145600B9A9DD /* Sources */ = {
			isa = PBXSourcesBuildPhase;
			buildActionMask = 2147483647;
			files = (
				C7F28D4C22EF453100FD17C5 /* ModalViewController.swift in Sources */,
				C7AD111F22E170B600DB58FD /* GenerateCodeViewController.swift in Sources */,
				C7A6CCF522E0145600B9A9DD /* QR_Code_Scanner.xcdatamodeld in Sources */,
				C7A6CCEF22E0145600B9A9DD /* ViewController.swift in Sources */,
				C7AD111D22E170A800DB58FD /* ScanCodeViewController.swift in Sources */,
				C7ED072722F04A01008EF53C /* OptionTableViewCell.swift in Sources */,
				C7AD112322E1C2F800DB58FD /* ContentViewController.swift in Sources */,
				C72D5E9922E2C888005109E3 /* HistoryViewController.swift in Sources */,
				C7A6CCED22E0145600B9A9DD /* AppDelegate.swift in Sources */,
			);
			runOnlyForDeploymentPostprocessing = 0;
		};
/* End PBXSourcesBuildPhase section */

/* Begin PBXVariantGroup section */
		C7A6CCF022E0145600B9A9DD /* Main.storyboard */ = {
			isa = PBXVariantGroup;
			children = (
				C7A6CCF122E0145600B9A9DD /* Base */,
			);
			name = Main.storyboard;
			sourceTree = "<group>";
		};
		C7A6CCF822E0145700B9A9DD /* LaunchScreen.storyboard */ = {
			isa = PBXVariantGroup;
			children = (
				C7A6CCF922E0145700B9A9DD /* Base */,
			);
			name = LaunchScreen.storyboard;
			sourceTree = "<group>";
		};
/* End PBXVariantGroup section */

/* Begin XCBuildConfiguration section */
		C7A6CCFC22E0145700B9A9DD /* Debug */ = {
			isa = XCBuildConfiguration;
			buildSettings = {
				ALWAYS_SEARCH_USER_PATHS = NO;
				CLANG_ANALYZER_NONNULL = YES;
				CLANG_ANALYZER_NUMBER_OBJECT_CONVERSION = YES_AGGRESSIVE;
				CLANG_CXX_LANGUAGE_STANDARD = "gnu++14";
				CLANG_CXX_LIBRARY = "libc++";
				CLANG_ENABLE_MODULES = YES;
				CLANG_ENABLE_OBJC_ARC = YES;
				CLANG_ENABLE_OBJC_WEAK = YES;
				CLANG_WARN_BLOCK_CAPTURE_AUTORELEASING = YES;
				CLANG_WARN_BOOL_CONVERSION = YES;
				CLANG_WARN_COMMA = YES;
				CLANG_WARN_CONSTANT_CONVERSION = YES;
				CLANG_WARN_DEPRECATED_OBJC_IMPLEMENTATIONS = YES;
				CLANG_WARN_DIRECT_OBJC_ISA_USAGE = YES_ERROR;
				CLANG_WARN_DOCUMENTATION_COMMENTS = YES;
				CLANG_WARN_EMPTY_BODY = YES;
				CLANG_WARN_ENUM_CONVERSION = YES;
				CLANG_WARN_INFINITE_RECURSION = YES;
				CLANG_WARN_INT_CONVERSION = YES;
				CLANG_WARN_NON_LITERAL_NULL_CONVERSION = YES;
				CLANG_WARN_OBJC_IMPLICIT_RETAIN_SELF = YES;
				CLANG_WARN_OBJC_LITERAL_CONVERSION = YES;
				CLANG_WARN_OBJC_ROOT_CLASS = YES_ERROR;
				CLANG_WARN_RANGE_LOOP_ANALYSIS = YES;
				CLANG_WARN_STRICT_PROTOTYPES = YES;
				CLANG_WARN_SUSPICIOUS_MOVE = YES;
				CLANG_WARN_UNGUARDED_AVAILABILITY = YES_AGGRESSIVE;
				CLANG_WARN_UNREACHABLE_CODE = YES;
				CLANG_WARN__DUPLICATE_METHOD_MATCH = YES;
				CODE_SIGN_IDENTITY = "iPhone Developer";
				COPY_PHASE_STRIP = NO;
				DEBUG_INFORMATION_FORMAT = dwarf;
				ENABLE_STRICT_OBJC_MSGSEND = YES;
				ENABLE_TESTABILITY = YES;
				GCC_C_LANGUAGE_STANDARD = gnu11;
				GCC_DYNAMIC_NO_PIC = NO;
				GCC_NO_COMMON_BLOCKS = YES;
				GCC_OPTIMIZATION_LEVEL = 0;
				GCC_PREPROCESSOR_DEFINITIONS = (
					"DEBUG=1",
					"$(inherited)",
				);
				GCC_WARN_64_TO_32_BIT_CONVERSION = YES;
				GCC_WARN_ABOUT_RETURN_TYPE = YES_ERROR;
				GCC_WARN_UNDECLARED_SELECTOR = YES;
				GCC_WARN_UNINITIALIZED_AUTOS = YES_AGGRESSIVE;
				GCC_WARN_UNUSED_FUNCTION = YES;
				GCC_WARN_UNUSED_VARIABLE = YES;
				IPHONEOS_DEPLOYMENT_TARGET = 12.2;
				MTL_ENABLE_DEBUG_INFO = INCLUDE_SOURCE;
				MTL_FAST_MATH = YES;
				ONLY_ACTIVE_ARCH = YES;
				SDKROOT = iphoneos;
				SWIFT_ACTIVE_COMPILATION_CONDITIONS = DEBUG;
				SWIFT_OPTIMIZATION_LEVEL = "-Onone";
			};
			name = Debug;
		};
		C7A6CCFD22E0145700B9A9DD /* Release */ = {
			isa = XCBuildConfiguration;
			buildSettings = {
				ALWAYS_SEARCH_USER_PATHS = NO;
				CLANG_ANALYZER_NONNULL = YES;
				CLANG_ANALYZER_NUMBER_OBJECT_CONVERSION = YES_AGGRESSIVE;
				CLANG_CXX_LANGUAGE_STANDARD = "gnu++14";
				CLANG_CXX_LIBRARY = "libc++";
				CLANG_ENABLE_MODULES = YES;
				CLANG_ENABLE_OBJC_ARC = YES;
				CLANG_ENABLE_OBJC_WEAK = YES;
				CLANG_WARN_BLOCK_CAPTURE_AUTORELEASING = YES;
				CLANG_WARN_BOOL_CONVERSION = YES;
				CLANG_WARN_COMMA = YES;
				CLANG_WARN_CONSTANT_CONVERSION = YES;
				CLANG_WARN_DEPRECATED_OBJC_IMPLEMENTATIONS = YES;
				CLANG_WARN_DIRECT_OBJC_ISA_USAGE = YES_ERROR;
				CLANG_WARN_DOCUMENTATION_COMMENTS = YES;
				CLANG_WARN_EMPTY_BODY = YES;
				CLANG_WARN_ENUM_CONVERSION = YES;
				CLANG_WARN_INFINITE_RECURSION = YES;
				CLANG_WARN_INT_CONVERSION = YES;
				CLANG_WARN_NON_LITERAL_NULL_CONVERSION = YES;
				CLANG_WARN_OBJC_IMPLICIT_RETAIN_SELF = YES;
				CLANG_WARN_OBJC_LITERAL_CONVERSION = YES;
				CLANG_WARN_OBJC_ROOT_CLASS = YES_ERROR;
				CLANG_WARN_RANGE_LOOP_ANALYSIS = YES;
				CLANG_WARN_STRICT_PROTOTYPES = YES;
				CLANG_WARN_SUSPICIOUS_MOVE = YES;
				CLANG_WARN_UNGUARDED_AVAILABILITY = YES_AGGRESSIVE;
				CLANG_WARN_UNREACHABLE_CODE = YES;
				CLANG_WARN__DUPLICATE_METHOD_MATCH = YES;
				CODE_SIGN_IDENTITY = "iPhone Developer";
				COPY_PHASE_STRIP = NO;
				DEBUG_INFORMATION_FORMAT = "dwarf-with-dsym";
				ENABLE_NS_ASSERTIONS = NO;
				ENABLE_STRICT_OBJC_MSGSEND = YES;
				GCC_C_LANGUAGE_STANDARD = gnu11;
				GCC_NO_COMMON_BLOCKS = YES;
				GCC_WARN_64_TO_32_BIT_CONVERSION = YES;
				GCC_WARN_ABOUT_RETURN_TYPE = YES_ERROR;
				GCC_WARN_UNDECLARED_SELECTOR = YES;
				GCC_WARN_UNINITIALIZED_AUTOS = YES_AGGRESSIVE;
				GCC_WARN_UNUSED_FUNCTION = YES;
				GCC_WARN_UNUSED_VARIABLE = YES;
				IPHONEOS_DEPLOYMENT_TARGET = 12.2;
				MTL_ENABLE_DEBUG_INFO = NO;
				MTL_FAST_MATH = YES;
				SDKROOT = iphoneos;
				SWIFT_COMPILATION_MODE = wholemodule;
				SWIFT_OPTIMIZATION_LEVEL = "-O";
				VALIDATE_PRODUCT = YES;
			};
			name = Release;
		};
		C7A6CCFF22E0145700B9A9DD /* Debug */ = {
			isa = XCBuildConfiguration;
			baseConfigurationReference = 4023F7BC303BF57C24EAE52D /* Pods-QR Code Scanner.debug.xcconfig */;
			buildSettings = {
				ASSETCATALOG_COMPILER_APPICON_NAME = AppIcon;
				CODE_SIGN_STYLE = Automatic;
				DEVELOPMENT_TEAM = B52J6U3Y4P;
				INFOPLIST_FILE = "QR Code Scanner/Info.plist";
				LD_RUNPATH_SEARCH_PATHS = (
					"$(inherited)",
					"@executable_path/Frameworks",
				);
				PRODUCT_BUNDLE_IDENTIFIER = "emddi.QR-Code-Scanner";
				PRODUCT_NAME = "$(TARGET_NAME)";
				SWIFT_VERSION = 4.0;
				TARGETED_DEVICE_FAMILY = "1,2";
			};
			name = Debug;
		};
		C7A6CD0022E0145700B9A9DD /* Release */ = {
			isa = XCBuildConfiguration;
			baseConfigurationReference = 3572174D67B5CFD954F0B010 /* Pods-QR Code Scanner.release.xcconfig */;
			buildSettings = {
				ASSETCATALOG_COMPILER_APPICON_NAME = AppIcon;
				CODE_SIGN_STYLE = Automatic;
				DEVELOPMENT_TEAM = B52J6U3Y4P;
				INFOPLIST_FILE = "QR Code Scanner/Info.plist";
				LD_RUNPATH_SEARCH_PATHS = (
					"$(inherited)",
					"@executable_path/Frameworks",
				);
				PRODUCT_BUNDLE_IDENTIFIER = "emddi.QR-Code-Scanner";
				PRODUCT_NAME = "$(TARGET_NAME)";
				SWIFT_VERSION = 4.0;
				TARGETED_DEVICE_FAMILY = "1,2";
			};
			name = Release;
		};
/* End XCBuildConfiguration section */

/* Begin XCConfigurationList section */
		C7A6CCE422E0145600B9A9DD /* Build configuration list for PBXProject "QR Code Scanner" */ = {
			isa = XCConfigurationList;
			buildConfigurations = (
				C7A6CCFC22E0145700B9A9DD /* Debug */,
				C7A6CCFD22E0145700B9A9DD /* Release */,
			);
			defaultConfigurationIsVisible = 0;
			defaultConfigurationName = Release;
		};
		C7A6CCFE22E0145700B9A9DD /* Build configuration list for PBXNativeTarget "QR Code Scanner" */ = {
			isa = XCConfigurationList;
			buildConfigurations = (
				C7A6CCFF22E0145700B9A9DD /* Debug */,
				C7A6CD0022E0145700B9A9DD /* Release */,
			);
			defaultConfigurationIsVisible = 0;
			defaultConfigurationName = Release;
		};
/* End XCConfigurationList section */

/* Begin XCVersionGroup section */
		C7A6CCF322E0145600B9A9DD /* QR_Code_Scanner.xcdatamodeld */ = {
			isa = XCVersionGroup;
			children = (
				C7A6CCF422E0145600B9A9DD /* QR_Code_Scanner.xcdatamodel */,
			);
			currentVersion = C7A6CCF422E0145600B9A9DD /* QR_Code_Scanner.xcdatamodel */;
			path = QR_Code_Scanner.xcdatamodeld;
			sourceTree = "<group>";
			versionGroupType = wrapper.xcdatamodel;
		};
/* End XCVersionGroup section */
	};
	rootObject = C7A6CCE122E0145600B9A9DD /* Project object */;
}
